
Microsoft Visual Studio Solution File, Format Version 12.00
# Visual Studio 15
VisualStudioVersion = 15.0.27428.2002
MinimumVisualStudioVersion = 10.0.40219.1
Project("{FAE04EC0-301F-11D3-BF4B-00C04F79EFBC}") = "DERIV2D", "DERIV2D\DERIV2D.csproj", "{CDB31650-0AAD-44A5-9B3D-7E615A2FF9A9}"
EndProject
Global
	GlobalSection(SolutionConfigurationPlatforms) = preSolution
		Debug|Any CPU = Debug|Any CPU
		Release|Any CPU = Release|Any CPU
	EndGlobalSection
	GlobalSection(ProjectConfigurationPlatforms) = postSolution
		{CDB31650-0AAD-44A5-9B3D-7E615A2FF9A9}.Debug|Any CPU.ActiveCfg = Debug|Any CPU
		{CDB31650-0AAD-44A5-9B3D-7E615A2FF9A9}.Debug|Any CPU.Build.0 = Debug|Any CPU
		{CDB31650-0AAD-44A5-9B3D-7E615A2FF9A9}.Release|Any CPU.ActiveCfg = Release|Any CPU
		{CDB31650-0AAD-44A5-9B3D-7E615A2FF9A9}.Release|Any CPU.Build.0 = Release|Any CPU
	EndGlobalSection
	GlobalSection(SolutionProperties) = preSolution
		HideSolutionNode = FALSE
	EndGlobalSection
	GlobalSection(ExtensibilityGlobals) = postSolution
		SolutionGuid = {8AA195FD-9DFE-4B0B-B2E3-29CBBE17C8A1}
	EndGlobalSection
EndGlobal
